
Microsoft Visual Studio Solution File, Format Version 12.00
# Visual Studio 2013
VisualStudioVersion = 12.0.31101.0
MinimumVisualStudioVersion = 10.0.40219.1
Project("{FAE04EC0-301F-11D3-BF4B-00C04F79EFBC}") = "PrimeiroProjeto", "PrimeiroProjeto\PrimeiroProjeto.csproj", "{95478D29-2A4F-46E4-A9F2-15EB06DFF7A2}"
EndProject
Project("{FAE04EC0-301F-11D3-BF4B-00C04F79EFBC}") = "Organizacao", "Organizacao\Organizacao.csproj", "{FCD3E6F3-C4B2-465B-A304-5C2C37982666}"
EndProject
Project("{FAE04EC0-301F-11D3-BF4B-00C04F79EFBC}") = "Exceptions", "Exceptions\Exceptions.csproj", "{7F3C86A1-A831-4B46-8D24-6590A6F26A49}"
EndProject
Project("{FAE04EC0-301F-11D3-BF4B-00C04F79EFBC}") = "String", "String\String.csproj", "{494853BD-EF98-4A1F-9484-175C1406E81C}"
EndProject
Project("{FAE04EC0-301F-11D3-BF4B-00C04F79EFBC}") = "Colecoes", "Colecoes\Colecoes.csproj", "{81C8AEE8-8830-4D4D-A3E3-F7B952750EF0}"
EndProject
Project("{FAE04EC0-301F-11D3-BF4B-00C04F79EFBC}") = "Lambda", "Lambda\Lambda.csproj", "{7499B7FF-601F-46F6-8915-A894B519070B}"
EndProject
Global
	GlobalSection(SolutionConfigurationPlatforms) = preSolution
		Debug|Any CPU = Debug|Any CPU
		Release|Any CPU = Release|Any CPU
	EndGlobalSection
	GlobalSection(ProjectConfigurationPlatforms) = postSolution
		{95478D29-2A4F-46E4-A9F2-15EB06DFF7A2}.Debug|Any CPU.ActiveCfg = Debug|Any CPU
		{95478D29-2A4F-46E4-A9F2-15EB06DFF7A2}.Debug|Any CPU.Build.0 = Debug|Any CPU
		{95478D29-2A4F-46E4-A9F2-15EB06DFF7A2}.Release|Any CPU.ActiveCfg = Release|Any CPU
		{95478D29-2A4F-46E4-A9F2-15EB06DFF7A2}.Release|Any CPU.Build.0 = Release|Any CPU
		{FCD3E6F3-C4B2-465B-A304-5C2C37982666}.Debug|Any CPU.ActiveCfg = Debug|Any CPU
		{FCD3E6F3-C4B2-465B-A304-5C2C37982666}.Debug|Any CPU.Build.0 = Debug|Any CPU
		{FCD3E6F3-C4B2-465B-A304-5C2C37982666}.Release|Any CPU.ActiveCfg = Release|Any CPU
		{FCD3E6F3-C4B2-465B-A304-5C2C37982666}.Release|Any CPU.Build.0 = Release|Any CPU
		{7F3C86A1-A831-4B46-8D24-6590A6F26A49}.Debug|Any CPU.ActiveCfg = Debug|Any CPU
		{7F3C86A1-A831-4B46-8D24-6590A6F26A49}.Debug|Any CPU.Build.0 = Debug|Any CPU
		{7F3C86A1-A831-4B46-8D24-6590A6F26A49}.Release|Any CPU.ActiveCfg = Release|Any CPU
		{7F3C86A1-A831-4B46-8D24-6590A6F26A49}.Release|Any CPU.Build.0 = Release|Any CPU
		{494853BD-EF98-4A1F-9484-175C1406E81C}.Debug|Any CPU.ActiveCfg = Debug|Any CPU
		{494853BD-EF98-4A1F-9484-175C1406E81C}.Debug|Any CPU.Build.0 = Debug|Any CPU
		{494853BD-EF98-4A1F-9484-175C1406E81C}.Release|Any CPU.ActiveCfg = Release|Any CPU
		{494853BD-EF98-4A1F-9484-175C1406E81C}.Release|Any CPU.Build.0 = Release|Any CPU
		{81C8AEE8-8830-4D4D-A3E3-F7B952750EF0}.Debug|Any CPU.ActiveCfg = Debug|Any CPU
		{81C8AEE8-8830-4D4D-A3E3-F7B952750EF0}.Debug|Any CPU.Build.0 = Debug|Any CPU
		{81C8AEE8-8830-4D4D-A3E3-F7B952750EF0}.Release|Any CPU.ActiveCfg = Release|Any CPU
		{81C8AEE8-8830-4D4D-A3E3-F7B952750EF0}.Release|Any CPU.Build.0 = Release|Any CPU
		{7499B7FF-601F-46F6-8915-A894B519070B}.Debug|Any CPU.ActiveCfg = Debug|Any CPU
		{7499B7FF-601F-46F6-8915-A894B519070B}.Debug|Any CPU.Build.0 = Debug|Any CPU
		{7499B7FF-601F-46F6-8915-A894B519070B}.Release|Any CPU.ActiveCfg = Release|Any CPU
		{7499B7FF-601F-46F6-8915-A894B519070B}.Release|Any CPU.Build.0 = Release|Any CPU
	EndGlobalSection
	GlobalSection(SolutionProperties) = preSolution
		HideSolutionNode = FALSE
	EndGlobalSection
EndGlobal
